
Microsoft Visual Studio Solution File, Format Version 12.00
# Visual Studio 15
VisualStudioVersion = 15.0.27703.2035
MinimumVisualStudioVersion = 10.0.40219.1
Project("{F184B08F-C81C-45F6-A57F-5ABD9991F28F}") = "StudentLoan", "StudentLoan\StudentLoan.vbproj", "{05BED41F-CF7F-4D13-A60C-E5C0CD6875F7}"
EndProject
Global
	GlobalSection(SolutionConfigurationPlatforms) = preSolution
		Debug|Any CPU = Debug|Any CPU
		Release|Any CPU = Release|Any CPU
	EndGlobalSection
	GlobalSection(ProjectConfigurationPlatforms) = postSolution
		{05BED41F-CF7F-4D13-A60C-E5C0CD6875F7}.Debug|Any CPU.ActiveCfg = Debug|Any CPU
		{05BED41F-CF7F-4D13-A60C-E5C0CD6875F7}.Debug|Any CPU.Build.0 = Debug|Any CPU
		{05BED41F-CF7F-4D13-A60C-E5C0CD6875F7}.Release|Any CPU.ActiveCfg = Release|Any CPU
		{05BED41F-CF7F-4D13-A60C-E5C0CD6875F7}.Release|Any CPU.Build.0 = Release|Any CPU
	EndGlobalSection
	GlobalSection(SolutionProperties) = preSolution
		HideSolutionNode = FALSE
	EndGlobalSection
	GlobalSection(ExtensibilityGlobals) = postSolution
		SolutionGuid = {0E6346BC-F7CD-4FD9-B05B-9CE34BB92906}
	EndGlobalSection
EndGlobal
